
Microsoft Visual Studio Solution File, Format Version 12.00
# Visual Studio 14
VisualStudioVersion = 14.0.24720.0
MinimumVisualStudioVersion = 10.0.40219.1
Project("{FAE04EC0-301F-11D3-BF4B-00C04F79EFBC}") = "GrefQL", "src\GrefQL\GrefQL.csproj", "{F05095C3-A360-43E5-A246-FB5D6CA9C00B}"
EndProject
Project("{FAE04EC0-301F-11D3-BF4B-00C04F79EFBC}") = "GrefQL.Tests", "test\GrefQL.Tests\GrefQL.Tests.csproj", "{E92C932E-1E08-4860-B25C-6B4F0DC8244D}"
EndProject
Global
	GlobalSection(SolutionConfigurationPlatforms) = preSolution
		Debug|Any CPU = Debug|Any CPU
		Release|Any CPU = Release|Any CPU
	EndGlobalSection
	GlobalSection(ProjectConfigurationPlatforms) = postSolution
		{F05095C3-A360-43E5-A246-FB5D6CA9C00B}.Debug|Any CPU.ActiveCfg = Debug|Any CPU
		{F05095C3-A360-43E5-A246-FB5D6CA9C00B}.Debug|Any CPU.Build.0 = Debug|Any CPU
		{F05095C3-A360-43E5-A246-FB5D6CA9C00B}.Release|Any CPU.ActiveCfg = Release|Any CPU
		{F05095C3-A360-43E5-A246-FB5D6CA9C00B}.Release|Any CPU.Build.0 = Release|Any CPU
		{E92C932E-1E08-4860-B25C-6B4F0DC8244D}.Debug|Any CPU.ActiveCfg = Debug|Any CPU
		{E92C932E-1E08-4860-B25C-6B4F0DC8244D}.Debug|Any CPU.Build.0 = Debug|Any CPU
		{E92C932E-1E08-4860-B25C-6B4F0DC8244D}.Release|Any CPU.ActiveCfg = Release|Any CPU
		{E92C932E-1E08-4860-B25C-6B4F0DC8244D}.Release|Any CPU.Build.0 = Release|Any CPU
	EndGlobalSection
	GlobalSection(SolutionProperties) = preSolution
		HideSolutionNode = FALSE
	EndGlobalSection
EndGlobal
